{
    "_readme": [
        "This is a placeholder lock file for Heroku PHP deployment.",
        "No actual PHP packages are required at runtime."
    ],
    "packages": [],
    "packages-dev": [],
    "config": {
        "platform": {
            "php": "8.0.0"
        }
    },
    "content-hash": "placeholderhash",
    "minimum-stability": "stable",
    "stability-flags": [],
    "prefer-stable": false,
    "prefer-lowest": false
}
